{
  "items": {
    "jixoai-theme": {
      "files": {
        "src/lib/jixoai.css": "9d5287b003de3bdb1b7a143f0aff220497427bab62b24e8550103583224546b8"
      }
    },
    "scrollbar-measure": {
      "files": {
        "src/lib/scrollbar-measure.ts": "f2e4fe0157b842df2a6aee2e3604c42cc6056795a6e51bcef52d3b46c2f21016"
      }
    },
    "website-scaffold": {
      "files": {
        "src/lib/ui/website-scaffold/website-scaffold.svelte": "4884372f209f575ee96373384c6773197c03c9209a943ef235618c8b41972d3b",
        "src/lib/ui/website-scaffold/website-scaffold.css": "4813424a67d78951cea836f381a3dafe8b8d75ff1e7f58a0ab937a0193ac9add",
        "src/lib/ui/website-scaffold/index.ts": "c3491fc0e2b51aef88cb06669a56511d3ff7678cda18cefb17c398e85e577f27"
      }
    },
    "terminal-header": {
      "files": {
        "src/lib/ui/terminal-header/terminal-header.svelte": "89546d30dfe2e3fc0a242737b5a05bf6ea65074e572f93e084ee5d8fa1673f47",
        "src/lib/ui/terminal-header/index.ts": "e55c3c6983d34d278fbc09ed98fca3790608b2842d91f9fe12c039e266cc1718",
        "src/lib/ui/terminal-header/terminal-header.css": "9d27280fa4d89f272ac079a72f313aa83d1d5b52b658e670503a1dc73e40739c"
      }
    },
    "terminal-footer": {
      "files": {
        "src/lib/ui/terminal-footer/index.ts": "942cc89bc77bf5943e76003abdcf7dff402b93a9dbaafc0b98946c407c13faa3",
        "src/lib/ui/terminal-footer/terminal-footer-column.svelte": "139cafa7410dacd20a7b297c77879315d1803bb311179a432c29f3a9ab9d548f",
        "src/lib/ui/terminal-footer/terminal-footer.css": "bb9b29b1b946f01dac72e205a9abcffda9bc062fb9209099725fdf2f25b4733d",
        "src/lib/ui/terminal-footer/terminal-footer.svelte": "7ae9ae32aed921b9d4f2fc9a2c95d79ea3df702c26fc8653a29bea45bbc548a1"
      }
    },
    "theme-toggle": {
      "files": {
        "src/lib/ui/theme-toggle/theme-toggle.svelte": "d8211c090139b61f37e3206766ec68c7eed00f0d21d1db2f26997e037226c47e",
        "src/lib/ui/theme-toggle/index.ts": "01fb8895e16e5cc43f1ad86706818c11abaf83a75fc8abe8d1577e70a57f55a4",
        "src/lib/ui/theme-toggle/theme-toggle-defaults.svelte.ts": "b77821cf5ffbc6d043ed0a900a907be3e136bcac435606512ac407f3399f15dd"
      }
    },
    "section-card": {
      "files": {
        "src/lib/ui/section-card/section-card.svelte": "77b0bc0f99901acaf97e47d6ad1db5cbbe8e71910d783fd6f182d394f52f60b2",
        "src/lib/ui/section-card/section-card.css": "738ff9b09cff59e11501d4a811f5a36738ac2f7670816d48f19cc304b8598087",
        "src/lib/ui/section-card/index.ts": "12951780bf450291139cae8cd77c105f4fbb91573817920dda09238621c71343",
        "src/lib/ui/section-card/section-card-defaults.svelte.ts": "402de935a76fae64c41b5c166de85abee1f108a8dd59264858b5d608bab9db2f"
      }
    },
    "terminal-card": {
      "files": {
        "src/lib/ui/terminal-card/terminal-card.svelte": "5d2508919ffc9d18ecf994d201c08c44856b998ccce2469af6e9f66a54a3e083",
        "src/lib/ui/terminal-card/index.ts": "2997b40c4c5dca8b42de17435f4020c17313817e69fea12d2027a47b8a8d92ae",
        "src/lib/ui/terminal-card/terminal-card.css": "08861119097435bc8a70f79cf612939752c16d1e2298ef994903901e23d9d316"
      }
    },
    "hero-section": {
      "files": {
        "src/lib/ui/hero-section/hero-section.css": "4524f9eedf9cb9aae1532816d9676e354c987b214a519e550b6f9c44bd6edc11",
        "src/lib/ui/hero-section/hero-section.svelte": "4870d6a89f49466ebf2f26e5c4e93dc32cb8336462663322062e9df3dc091d64",
        "src/lib/ui/hero-section/index.ts": "87d5a050b2321516f2dc12b851afadd3b02ab1a9479d8cd7e6ddd436a064d450"
      }
    },
    "card-grid": {
      "files": {
        "src/lib/ui/card-grid/card-grid.svelte": "da9d5131a9d40c5e9571457a33e227b15a533ed962375d07ac04b1523008c239",
        "src/lib/ui/card-grid/index.ts": "9af2bf660c21abb1db38c4c4c94efd308df2a773e1d6a400f0752bfd553e3fd6",
        "src/lib/ui/card-grid/card-grid.css": "ba62cb2d71f3b63675f0fcd94c604a9e873271b20d57665ff4d99907ac864829"
      }
    },
    "press-button": {
      "files": {
        "src/lib/ui/press-button/press-button.svelte": "219aecba205977cf44229d4fe06486b862f951f6c7c120704783e1dd96bebbf5",
        "src/lib/ui/press-button/index.ts": "71f9a43a19a774907a644efcda0ea9eb11a5d999ee00568748d24a73ce000e40",
        "src/lib/ui/press-button/press-button.css": "77138cc5139190bc4db9f681f3f62b36435a90f8a21d8077792b23170936cff2",
        "src/lib/ui/press-button/ripple.svelte.ts": "13f251a6416cc84835d0b1c7a93956e2b9d3467bb977df8ef88f233966524904",
        "src/lib/ui/press-button/press-button-defaults.svelte.ts": "2b6ec3555115a23e9e6770d4e3129aa0b6221c2a70801fb76b60fd150472d949"
      }
    },
    "llms-txt": {
      "files": {
        "vite-plugins/llms-txt.mjs": "fd95ec00ae49d7f763922b690161c95698e0f33b7e8339f03faeca79310938f8"
      }
    },
    "icons": {
      "files": {
        "src/lib/icons.ts": "8c3444ed032f15fa527da9e5e01e74b7b7245238f405583e68d371a917bb7d5c"
      }
    },
    "defaults": {
      "files": {
        "src/lib/defaults.svelte.ts": "dda01adc9ffe859963335e7002d0fad16a3a3696bad93bfbeb8ed65112c34743"
      }
    },
    "utils": {
      "files": {
        "src/lib/utils.ts": "79167d4dc48ad045b3d6c70610409eb967adf60a293724228a11c5bd0ef042a4"
      }
    },
    "navigation-menu": {
      "files": {
        "src/lib/ui/navigation-menu/navigation-menu-indicator.svelte": "fea2aba3a89925ab7989f6f393ae1bfb2291a67645f3182150a29ce6a1254019",
        "src/lib/ui/navigation-menu/index.ts": "558123109c2e9e008493ca2117acbe6e374072678a1aa8e8ca19b36567eabbf3",
        "src/lib/ui/navigation-menu/navigation-menu-item.svelte": "bf7ff265b7671ae61fac15fd8da5448edc84f73d344951d68db1bda4b73788fb",
        "src/lib/ui/navigation-menu/navigation-menu-link.svelte": "7a34cb39e1f43ed596a19bd06c01af90c4abdc0cd00b7e1fc123ea64a9892278",
        "src/lib/ui/navigation-menu/navigation-menu-panel.svelte": "5bd076120a9d02573391f5d80c9ae6d4c090e09353f23e5fa6920842f32bbcce",
        "src/lib/ui/navigation-menu/navigation-menu-trigger.svelte": "ff5aab083e50ae173ea56221307fc3f40b33e54b09192e252d4e0ef2f2649cf9",
        "src/lib/ui/navigation-menu/navigation-menu.svelte": "a94ba67f6770979543b268f414d945db37e79d28075490bed0b7c0bb972d007c",
        "src/lib/ui/navigation-menu/navigation-menu-defaults.svelte.ts": "3e925b11cc0645a1c6bfd8d847e40ceadfdc0fafd471a1597cbb3240b14ef0f1"
      }
    },
    "density": {
      "files": {
        "src/lib/density.svelte.ts": "0918b62d4661521a9efbab35d27783d8de363a6f7aee086b41af1ec3a837e629"
      }
    },
    "paint": {
      "files": {
        "src/lib/paint.svelte.ts": "bc69d1c591561038b37393a4955e55822b269e5602d602df0c63ffe8246a4ea3"
      }
    },
    "separator": {
      "files": {
        "src/lib/ui/separator/separator.svelte": "3736920e782aa4c461d4f3de447038aad931856eab9704e6ffd19220b89bbdc5",
        "src/lib/ui/separator/separator.css": "ac2b931815f25d58f3a85b6d2729282f6b70cba969dc0fcdd036dcc0219d1b7c",
        "src/lib/ui/separator/index.ts": "1e1322dcd7f13d0645b237e20759a373bc8055c3b2a4a36172adac7f370b95f3",
        "src/lib/ui/separator/separator-defaults.svelte.ts": "e1edc2f01ecf025856217d6acd1429d270247ea7c9b11e31cb040736ebe6ca99"
      }
    },
    "figure": {
      "files": {
        "src/lib/ui/figure/figure.svelte": "b494f07d5bd003a772d09a4c1ee4fd9bb068f3a4dc3fb1851e57c6f8b7c3262d",
        "src/lib/ui/figure/numbering.svelte.ts": "34aebd37ebd8196a6826875e859adf4889f9ebf0df6666b544dc7ec7d9e7c125",
        "src/lib/ui/figure/numbering-provider.svelte": "382e0470eb16e105d48f11fb6ce6dc6b7864c720cc94476e7d2e345e999b352c",
        "src/lib/ui/figure/index.ts": "e125cd52d3079e72998d730525d9054e7711bd1301339c3beecdc5f4c72beec1"
      }
    },
    "context-plugin": {
      "files": {
        "src/lib/context-plugin.svelte.ts": "2ce8f35971f396c71297fbf2af66d30625ef6232ca6055928d9f4803c62fc5f7"
      }
    },
    "popover": {
      "files": {
        "src/lib/ui/popover/popover.svelte": "5b015eaf0834e8a0574fa1e9e9b9da47650d743186e124a627ce3e8a875c9843",
        "src/lib/ui/popover/index.ts": "6a8ca88d52be7beb9eb8697115d44995d9755be266dfdbe1ae002b0013778a75",
        "src/lib/ui/popover/popover.css": "979953090c19c73df8a210fa40ea77112a475b6dbe264bd9d6653b35e1818708",
        "src/lib/surface-motion.ts": "67865ab34c210fb5f30f9128bb5940272dae067668d8cd86e96a757759694aa0",
        "src/lib/ui/popover/popover-defaults.svelte.ts": "9b7aeffabd4c2772b870744b8442fe9700493d26880718fb9515fe5d37e6ad97"
      }
    },
    "language-switcher": {
      "files": {
        "src/lib/ui/language-switcher/language-switcher.svelte": "a33347d6177c9ee8e1ff8631ca0af9495d0cdec8835dae28ce6b7032a21e933f",
        "src/lib/ui/language-switcher/index.ts": "a72251a1cc444ccade54626ded0f285a41f208be2882c9b281fd4a03277e8038",
        "src/lib/ui/language-switcher/language-switcher-defaults.svelte.ts": "3f7604ca149764ca5e0e84376d2d2b884f29b0acc7ff94078131bd40e0260f46"
      }
    },
    "spin-set": {
      "files": {
        "src/lib/spin-set.gen.ts": "1083d5013fce6e2b887ad33904274e15a57b0b7b126179fb2edb230477aed77f"
      }
    },
    "spin": {
      "files": {
        "src/lib/ui/spin/spin.svelte": "11bd21c5bfd88646177a64c1a63ba44d9b4e9031f4350b130c633e2c4f40251c",
        "src/lib/ui/spin/spin-catalog.ts": "2d389b4e876c87936a196eac2e32fe312bd9e6f268e6ca5361da2de08b881528",
        "src/lib/ui/spin/index.ts": "806889c91279285256b467ae971519776fb14540f300acf24a323858ccf12a59",
        "src/lib/ui/spin/spin.css": "a52f2fc258019bf9fdfcc0ff3c78d1c0892d2ccc44a4200d945ff65fece2b32f",
        "src/lib/ui/spin/spin-defaults.svelte.ts": "1b16fb7ab7423348c1eaf4cfa1ffef16ea223005da2ee7174c9f9563838cf257"
      }
    },
    "markdown": {
      "files": {
        "src/lib/ui/markdown/markdown.svelte": "7ab1959d85b585a9e733baeb400854f031d2c29a6f7a47d1a6c0df78453945b1",
        "src/lib/ui/markdown/markdown-node.svelte": "e099a0ba080adbadcfaec2e3565764d2ef95773c1ef6c84c1d7c05cd1df86f60",
        "src/lib/ui/markdown/parse.ts": "0f41e9d4c375fd67337d2d2807583a6cff37828798f50164369bf5b5fa1531e9",
        "src/lib/ui/markdown/markdown.css": "cb23dad8123166ce045c32ee78e8bc3e4aabfeec4dd13c6a31acea427de4c35f",
        "src/lib/ui/markdown/index.ts": "16a7d0b5f0edba8a882bfb8ede9a29711e6f0eb88104871381f92179c142d723"
      }
    },
    "code-card": {
      "files": {
        "src/lib/ui/code-card/code-card.svelte": "40ee31be74b835fe11989660431ae5ce89d39039f7221937994620c322b76d56",
        "src/lib/ui/code-card/index.ts": "ce1ba7c697dda8ed916c1ddc957705035215a091384e6a8e2d32620e8f2a9ad9",
        "src/lib/ui/code-card/code-card.css": "77cb5e352688bcd2f68effbb2f3097dfb2fe01ca3c5e3be08d0a34c500e831a1"
      }
    },
    "inline-code": {
      "files": {
        "src/lib/ui/inline-code/inline-code.svelte": "78c183f0d036d2d7b0e389672f881907fead6eadbafffb455d75be4296260498",
        "src/lib/ui/inline-code/index.ts": "55f40eb1539e39f5f53e56990743a1d439509967b3706004dc6a1b2037abad95",
        "src/lib/ui/inline-code/inline-code-defaults.svelte.ts": "62ea75e4fbeec4f38d6d840ac1fb9ff2d6082d8d19f035913953cf0c2466ba71",
        "src/lib/ui/inline-code/inline-code.css": "96bf03fb06f44f08c1cb482d7c28957fdb00867bd5a5fd7e8cf3f6571e5a0b24"
      }
    },
    "blockquote": {
      "files": {
        "src/lib/ui/blockquote/blockquote.svelte": "8261e2e0ab858228cc713d43b25f6c02ff4c22208513af25c169e18cbd13fddb",
        "src/lib/ui/blockquote/blockquote-defaults.svelte.ts": "71950c455b7b5cbaa1156b22b428835acf3f0992f7d11d53ee629a98337e4f97",
        "src/lib/ui/blockquote/index.ts": "c5b04e8cd5aca21f8c01548db7707fbdfbd9e6c52d8e41f2bc7df67f2c4373a8"
      }
    },
    "heading": {
      "files": {
        "src/lib/ui/heading/heading.svelte": "6a8d9fef79b74d5bebfb443a42d71fa89896eb9a5159b125c55b3ed8cd2e5af1",
        "src/lib/ui/heading/index.ts": "4c2c6b1d76c9893a54f144b63f88b974f1662effbe165536e3388f12cdf57302"
      }
    },
    "list": {
      "files": {
        "src/lib/ui/list/list.svelte": "b8efcd54f716474ee824ae51eb7e2598db6305c4a0dff92105cf6658eabd7301",
        "src/lib/ui/list/index.ts": "009da5abf2fb7333b03c2b6764704cf5c4addba6e88e5ed78755af2dfc6e888e"
      }
    },
    "text": {
      "files": {
        "src/lib/ui/text/text.svelte": "75503488a58eb522c1ef43010de652a9cea57872e5f0f0ba3b9714898ebde4f0",
        "src/lib/ui/text/p.svelte": "087908d765015bfd99c7af1f0744c4a3e08e105f1697d2af3a42610d00adbedd",
        "src/lib/ui/text/strong.svelte": "8f9e932e3dd296e6c8bc725bc2b0f21ba8488bb7dc9785d671c92136e0e1d5a1",
        "src/lib/ui/text/em.svelte": "f4d720ad6f55824d0878ee491fb64b1670810fb98b4806ed44f9e024e56dbb4a",
        "src/lib/ui/text/del.svelte": "acc963b86bc4cc2dd9300fc17468489c90fa193c0573eb4cbea279d871ff9bbc",
        "src/lib/ui/text/mark.svelte": "045aec8a41a276fda873119e9d63fddff39fb7b7cf87724cdcf524c2a95550fd",
        "src/lib/ui/text/ins.svelte": "fda1d1f91f2d3050e34956f7ec73289f67b5c868cd35d35987785a593a7c3fb6",
        "src/lib/ui/text/sub.svelte": "3494cc97c5d75ce5a70f11b30bb5af6b9069071dcbadba2af4203c76f5efa744",
        "src/lib/ui/text/sup.svelte": "6cc84fe9bc694ad582b946717530f8d6f1736dbb729e2a03ef01259cf539db5b",
        "src/lib/ui/text/text-defaults.svelte.ts": "75d42c7d91b0edc24af941c5601ddfced11b71c96169a22890bab2533ef5510b",
        "src/lib/text-style.svelte.ts": "d934e3ce62856af19fb9f6089bd699d535fbccd7a521d8bb608931b8ab75076f",
        "src/lib/ui/text/index.ts": "9b3e5e98a12fb50cf77649cca14ec45c883d5b5009a0912c55e18adcd95ca51d"
      }
    },
    "link": {
      "files": {
        "src/lib/ui/link/link.svelte": "1b0038ee7e39d83390fac601ceae84d0affc3f05ceb7b573301241c464a7822b",
        "src/lib/ui/link/index.ts": "182e8665544d1a5b7b29386ce3693c43c29972716ffd6f4294c6149210ed16fb"
      }
    },
    "table": {
      "files": {
        "src/lib/ui/table/table.svelte": "740c881123cce5c63d9690515c1b73fd3fe74f003fefe3b90aea4ddbdc7a797e",
        "src/lib/ui/table/index.ts": "a6da194ec99ee884133a3b035f887da68ee4a097ceb9fcada5245baec36278c7",
        "src/lib/ui/table/table.css": "d68ce6b6df8b1003086849f5c124991e71c734890079a8a407cb14e6f1edc41e",
        "src/lib/ui/table/table-defaults.svelte.ts": "3cb9c1378ddec46a517a2ce59d713141fc4c2ee77fa558e7d7b563f3ec517e4a"
      }
    },
    "kbd": {
      "files": {
        "src/lib/ui/kbd/kbd.svelte": "c8ec9a3cbe90d4e0d7dd81a34e3e1dd4a386dd003875051fdb3109859aefc6ae",
        "src/lib/ui/kbd/index.ts": "e35f5b0c9bbd2c67e331dc6b9d3177e02a6d131470e84a281e4ab6a7f981fc2f",
        "src/lib/ui/kbd/kbd-defaults.svelte.ts": "0b8955a6c5c9fd9542788711cefaa1a44cd9f3d646bc47c16464101e72cc8adb"
      }
    },
    "checkbox": {
      "files": {
        "src/lib/ui/checkbox/checkbox.svelte": "09986df1e8a6df66ba1af0619fb3240040b41a7e58ed8206085d3369370c52d0",
        "src/lib/ui/checkbox/index.ts": "df008b0f6990e22ac2e2de5336fe4f1f67ada7979d1cf6e5bba045e0eedff218",
        "src/lib/ui/checkbox/checkbox.css": "8c8f48882162ab3c9201a46faad46aec255a8da0072b6a143a59fa9b61d9edd7",
        "src/lib/ui/checkbox/checkbox-defaults.svelte.ts": "b86d945e421f435fb99f3be1a4ecd20d41331b80fe4126b5c653527fd0d5f50f"
      }
    },
    "accordion": {
      "files": {
        "src/lib/ui/accordion/accordion.svelte": "2729aa74ba06c92422b3cb9e36d11e8a9d0066130034a0dfb5536e7487800ef2",
        "src/lib/ui/accordion/accordion-item.svelte": "a0cd85d73712957ef3d0cf2fac317378fa03d6a48ff7b0c09f9f3465fcf38f2f",
        "src/lib/ui/accordion/index.ts": "2df07f6a7f9fa4cd7db30e9360e5eecf2d298f3bc72d9f49ade1482303e23d17",
        "src/lib/ui/accordion/accordion.css": "32dd5d8ea28c68e1ba509d7c082b0a3bb50ad0682d3e3c2d6e12ebfd902b7849",
        "src/lib/ui/accordion/accordion-item.css": "e2a518d058a174be507f89e66ed048ab5a00fe9630d0dbc4443ff4209a369b14"
      }
    },
    "jx-pure": {
      "files": {
        "src/lib/jx-pure.css": "40ee0ba3c3a74d34740eab80d36fc5e67db4c23a34f17c8da1c143dba5311af3"
      }
    }
  }
}
